<?xml version="1.0" encoding="UTF-8"?>
<CONFIG>
  <ProjectOptions>
    <Version Value="9"/>
    <General>
      <Flags>
        <MainUnitHasCreateFormStatements Value="False"/>
        <MainUnitHasTitleStatement Value="False"/>
      </Flags>
      <SessionStorage Value="InProjectDir"/>
      <MainUnit Value="0"/>
      <Title Value="kwirk"/>
      <UseAppBundle Value="False"/>
      <ResourceType Value="res"/>
    </General>
    <i18n>
      <EnableI18N LFM="False"/>
    </i18n>
    <VersionInfo>
      <StringTable ProductVersion=""/>
    </VersionInfo>
    <BuildModes Count="1">
      <Item1 Name="Default" Default="True"/>
    </BuildModes>
    <PublishOptions>
      <Version Value="2"/>
    </PublishOptions>
    <RunParams>
      <local>
        <FormatVersion Value="1"/>
      </local>
    </RunParams>
    <Units Count="8">
      <Unit0>
        <Filename Value="kwirk.pas"/>
        <IsPartOfProject Value="True"/>
        <UnitName Value="Kwirk"/>
      </Unit0>
      <Unit1>
        <Filename Value="compat.pas"/>
        <IsPartOfProject Value="True"/>
        <UnitName Value="Compat"/>
      </Unit1>
      <Unit2>
        <Filename Value="config.pas"/>
        <IsPartOfProject Value="True"/>
        <UnitName Value="Config"/>
      </Unit2>
      <Unit3>
        <Filename Value="renderer.pas"/>
        <IsPartOfProject Value="True"/>
        <UnitName Value="Renderer"/>
      </Unit3>
      <Unit4>
        <Filename Value="graphutils.pas"/>
        <IsPartOfProject Value="True"/>
        <UnitName Value="GraphUtils"/>
      </Unit4>
      <Unit5>
        <Filename Value="crtutils.pas"/>
        <IsPartOfProject Value="True"/>
        <UnitName Value="CrtUtils"/>
      </Unit5>
      <Unit6>
        <Filename Value="maze.pas"/>
        <IsPartOfProject Value="True"/>
        <UnitName Value="Maze"/>
      </Unit6>
      <Unit7>
        <Filename Value="utils.pas"/>
        <IsPartOfProject Value="True"/>
        <UnitName Value="Utils"/>
      </Unit7>
    </Units>
  </ProjectOptions>
  <CompilerOptions>
    <Version Value="11"/>
    <Target>
      <Filename Value="kwirk"/>
    </Target>
    <SearchPaths>
      <IncludeFiles Value="$(ProjOutDir)"/>
      <UnitOutputDirectory Value="lib/$(TargetCPU)-$(TargetOS)"/>
    </SearchPaths>
    <Parsing>
      <SyntaxOptions>
        <SyntaxMode Value="tp"/>
        <CStyleOperator Value="False"/>
        <CPPInline Value="False"/>
        <UseAnsiStrings Value="False"/>
      </SyntaxOptions>
    </Parsing>
    <Other>
      <CompilerMessages>
        <MsgFileName Value=""/>
      </CompilerMessages>
      <CompilerPath Value="$(CompPath)"/>
    </Other>
  </CompilerOptions>
</CONFIG>
